
Microsoft Visual Studio Solution File, Format Version 12.00
# Visual Studio Version 17
VisualStudioVersion = 17.0.31903.59
MinimumVisualStudioVersion = 10.0.40219.1
Project("{9A19103F-16F7-4668-BE54-9A1E7A4F7556}") = "DemoVsCode", "src\MinimalAPI\DemoVsCode.csproj", "{C8C450C0-0921-4BE3-BB11-6CC2D8ACB67C}"
EndProject
Project("{2150E333-8FDC-42A3-9474-1A3956D46DE8}") = "src", "src", "{356154C0-4C13-4AF8-93B2-ED88138ED37F}"
EndProject
Project("{9A19103F-16F7-4668-BE54-9A1E7A4F7556}") = "DemoMVC", "src\DemoMVC\DemoMVC.csproj", "{57B7320D-5793-40F4-BE93-E6B4BB82FF95}"
EndProject
Project("{FAE04EC0-301F-11D3-BF4B-00C04F79EFBC}") = "DemoRazorPages", "src\DemoRazorPages\DemoRazorPages.csproj", "{95698FDD-3856-4F99-A1D2-EFF4D273B186}"
EndProject
Project("{FAE04EC0-301F-11D3-BF4B-00C04F79EFBC}") = "DemoBlazorServer", "src\DemoBlazorServer\DemoBlazorServer.csproj", "{3145167A-A16D-46DD-952B-E52372E119A9}"
EndProject
Global
	GlobalSection(SolutionConfigurationPlatforms) = preSolution
		Debug|Any CPU = Debug|Any CPU
		Release|Any CPU = Release|Any CPU
	EndGlobalSection
	GlobalSection(ProjectConfigurationPlatforms) = postSolution
		{C8C450C0-0921-4BE3-BB11-6CC2D8ACB67C}.Debug|Any CPU.ActiveCfg = Debug|Any CPU
		{C8C450C0-0921-4BE3-BB11-6CC2D8ACB67C}.Debug|Any CPU.Build.0 = Debug|Any CPU
		{C8C450C0-0921-4BE3-BB11-6CC2D8ACB67C}.Release|Any CPU.ActiveCfg = Release|Any CPU
		{C8C450C0-0921-4BE3-BB11-6CC2D8ACB67C}.Release|Any CPU.Build.0 = Release|Any CPU
		{57B7320D-5793-40F4-BE93-E6B4BB82FF95}.Debug|Any CPU.ActiveCfg = Debug|Any CPU
		{57B7320D-5793-40F4-BE93-E6B4BB82FF95}.Debug|Any CPU.Build.0 = Debug|Any CPU
		{57B7320D-5793-40F4-BE93-E6B4BB82FF95}.Release|Any CPU.ActiveCfg = Release|Any CPU
		{57B7320D-5793-40F4-BE93-E6B4BB82FF95}.Release|Any CPU.Build.0 = Release|Any CPU
		{95698FDD-3856-4F99-A1D2-EFF4D273B186}.Debug|Any CPU.ActiveCfg = Debug|Any CPU
		{95698FDD-3856-4F99-A1D2-EFF4D273B186}.Debug|Any CPU.Build.0 = Debug|Any CPU
		{95698FDD-3856-4F99-A1D2-EFF4D273B186}.Release|Any CPU.ActiveCfg = Release|Any CPU
		{95698FDD-3856-4F99-A1D2-EFF4D273B186}.Release|Any CPU.Build.0 = Release|Any CPU
		{3145167A-A16D-46DD-952B-E52372E119A9}.Debug|Any CPU.ActiveCfg = Debug|Any CPU
		{3145167A-A16D-46DD-952B-E52372E119A9}.Debug|Any CPU.Build.0 = Debug|Any CPU
		{3145167A-A16D-46DD-952B-E52372E119A9}.Release|Any CPU.ActiveCfg = Release|Any CPU
		{3145167A-A16D-46DD-952B-E52372E119A9}.Release|Any CPU.Build.0 = Release|Any CPU
	EndGlobalSection
	GlobalSection(SolutionProperties) = preSolution
		HideSolutionNode = FALSE
	EndGlobalSection
	GlobalSection(NestedProjects) = preSolution
		{C8C450C0-0921-4BE3-BB11-6CC2D8ACB67C} = {356154C0-4C13-4AF8-93B2-ED88138ED37F}
		{57B7320D-5793-40F4-BE93-E6B4BB82FF95} = {356154C0-4C13-4AF8-93B2-ED88138ED37F}
		{95698FDD-3856-4F99-A1D2-EFF4D273B186} = {356154C0-4C13-4AF8-93B2-ED88138ED37F}
		{3145167A-A16D-46DD-952B-E52372E119A9} = {356154C0-4C13-4AF8-93B2-ED88138ED37F}
	EndGlobalSection
	GlobalSection(ExtensibilityGlobals) = postSolution
		SolutionGuid = {472F0535-19F1-4E79-8983-03DC0B000AD0}
	EndGlobalSection
EndGlobal
